// !$*UTF8*$!
{
	archiveVersion = 1;
	classes = {
	};
	objectVersion = 46;
	objects = {

/* Begin PBXBuildFile section */
		79C5DB561E054A3D0028B07A /* AppDelegate.swift in Sources */ = {isa = PBXBuildFile; fileRef = 79C5DB551E054A3D0028B07A /* AppDelegate.swift */; };
		79C5DB581E054A3D0028B07A /* ViewController.swift in Sources */ = {isa = PBXBuildFile; fileRef = 79C5DB571E054A3D0028B07A /* ViewController.swift */; };
		79C5DB5A1E054A3D0028B07A /* Assets.xcassets in Resources */ = {isa = PBXBuildFile; fileRef = 79C5DB591E054A3D0028B07A /* Assets.xcassets */; };
		79C5DB5D1E054A3D0028B07A /* Main.storyboard in Resources */ = {isa = PBXBuildFile; fileRef = 79C5DB5B1E054A3D0028B07A /* Main.storyboard */; };
		79C5DB681E054A3D0028B07A /* SoundyTests.swift in Sources */ = {isa = PBXBuildFile; fileRef = 79C5DB671E054A3D0028B07A /* SoundyTests.swift */; };
		79C5DB821E0572950028B07A /* Alamofire.framework in Frameworks */ = {isa = PBXBuildFile; fileRef = 79C5DB731E0572950028B07A /* Alamofire.framework */; };
		79C5DB831E0572950028B07A /* Argo.framework in Frameworks */ = {isa = PBXBuildFile; fileRef = 79C5DB741E0572950028B07A /* Argo.framework */; };
		79C5DB841E0572950028B07A /* Cartography.framework in Frameworks */ = {isa = PBXBuildFile; fileRef = 79C5DB751E0572950028B07A /* Cartography.framework */; };
		79C5DB851E0572950028B07A /* Curry.framework in Frameworks */ = {isa = PBXBuildFile; fileRef = 79C5DB761E0572950028B07A /* Curry.framework */; };
		79C5DB861E0572950028B07A /* Hue.framework in Frameworks */ = {isa = PBXBuildFile; fileRef = 79C5DB771E0572950028B07A /* Hue.framework */; };
		79C5DB871E0572950028B07A /* Kingfisher.framework in Frameworks */ = {isa = PBXBuildFile; fileRef = 79C5DB781E0572950028B07A /* Kingfisher.framework */; };
		79C5DB881E0572950028B07A /* Moya.framework in Frameworks */ = {isa = PBXBuildFile; fileRef = 79C5DB791E0572950028B07A /* Moya.framework */; };
		79C5DB891E0572950028B07A /* ReactiveMoya.framework in Frameworks */ = {isa = PBXBuildFile; fileRef = 79C5DB7A1E0572950028B07A /* ReactiveMoya.framework */; };
		79C5DB8A1E0572950028B07A /* ReactiveSwift.framework in Frameworks */ = {isa = PBXBuildFile; fileRef = 79C5DB7B1E0572950028B07A /* ReactiveSwift.framework */; };
		79C5DB8B1E0572950028B07A /* Result.framework in Frameworks */ = {isa = PBXBuildFile; fileRef = 79C5DB7C1E0572950028B07A /* Result.framework */; };
		79C5DB8C1E0572950028B07A /* Runes.framework in Frameworks */ = {isa = PBXBuildFile; fileRef = 79C5DB7D1E0572950028B07A /* Runes.framework */; };
		79C5DB8D1E0572950028B07A /* RxCocoa.framework in Frameworks */ = {isa = PBXBuildFile; fileRef = 79C5DB7E1E0572950028B07A /* RxCocoa.framework */; };
		79C5DB8E1E0572950028B07A /* RxMoya.framework in Frameworks */ = {isa = PBXBuildFile; fileRef = 79C5DB7F1E0572950028B07A /* RxMoya.framework */; };
		79C5DB8F1E0572950028B07A /* RxSwift.framework in Frameworks */ = {isa = PBXBuildFile; fileRef = 79C5DB801E0572950028B07A /* RxSwift.framework */; };
		79C5DB901E0572950028B07A /* Swiftz.framework in Frameworks */ = {isa = PBXBuildFile; fileRef = 79C5DB811E0572950028B07A /* Swiftz.framework */; };
/* End PBXBuildFile section */

/* Begin PBXContainerItemProxy section */
		79C5DB641E054A3D0028B07A /* PBXContainerItemProxy */ = {
			isa = PBXContainerItemProxy;
			containerPortal = 79C5DB4A1E054A3C0028B07A /* Project object */;
			proxyType = 1;
			remoteGlobalIDString = 79C5DB511E054A3C0028B07A;
			remoteInfo = Soundy;
		};
/* End PBXContainerItemProxy section */

/* Begin PBXFileReference section */
		79C5DB521E054A3D0028B07A /* Soundy.app */ = {isa = PBXFileReference; explicitFileType = wrapper.application; includeInIndex = 0; path = Soundy.app; sourceTree = BUILT_PRODUCTS_DIR; };
		79C5DB551E054A3D0028B07A /* AppDelegate.swift */ = {isa = PBXFileReference; lastKnownFileType = sourcecode.swift; path = AppDelegate.swift; sourceTree = "<group>"; };
		79C5DB571E054A3D0028B07A /* ViewController.swift */ = {isa = PBXFileReference; lastKnownFileType = sourcecode.swift; path = ViewController.swift; sourceTree = "<group>"; };
		79C5DB591E054A3D0028B07A /* Assets.xcassets */ = {isa = PBXFileReference; lastKnownFileType = folder.assetcatalog; path = Assets.xcassets; sourceTree = "<group>"; };
		79C5DB5C1E054A3D0028B07A /* Base */ = {isa = PBXFileReference; lastKnownFileType = file.storyboard; name = Base; path = Base.lproj/Main.storyboard; sourceTree = "<group>"; };
		79C5DB5E1E054A3D0028B07A /* Info.plist */ = {isa = PBXFileReference; lastKnownFileType = text.plist.xml; path = Info.plist; sourceTree = "<group>"; };
		79C5DB631E054A3D0028B07A /* SoundyTests.xctest */ = {isa = PBXFileReference; explicitFileType = wrapper.cfbundle; includeInIndex = 0; path = SoundyTests.xctest; sourceTree = BUILT_PRODUCTS_DIR; };
		79C5DB671E054A3D0028B07A /* SoundyTests.swift */ = {isa = PBXFileReference; lastKnownFileType = sourcecode.swift; path = SoundyTests.swift; sourceTree = "<group>"; };
		79C5DB691E054A3D0028B07A /* Info.plist */ = {isa = PBXFileReference; lastKnownFileType = text.plist.xml; path = Info.plist; sourceTree = "<group>"; };
		79C5DB731E0572950028B07A /* Alamofire.framework */ = {isa = PBXFileReference; lastKnownFileType = wrapper.framework; name = Alamofire.framework; path = Carthage/Build/Mac/Alamofire.framework; sourceTree = "<group>"; };
		79C5DB741E0572950028B07A /* Argo.framework */ = {isa = PBXFileReference; lastKnownFileType = wrapper.framework; name = Argo.framework; path = Carthage/Build/Mac/Argo.framework; sourceTree = "<group>"; };
		79C5DB751E0572950028B07A /* Cartography.framework */ = {isa = PBXFileReference; lastKnownFileType = wrapper.framework; name = Cartography.framework; path = Carthage/Build/Mac/Cartography.framework; sourceTree = "<group>"; };
		79C5DB761E0572950028B07A /* Curry.framework */ = {isa = PBXFileReference; lastKnownFileType = wrapper.framework; name = Curry.framework; path = Carthage/Build/Mac/Curry.framework; sourceTree = "<group>"; };
		79C5DB771E0572950028B07A /* Hue.framework */ = {isa = PBXFileReference; lastKnownFileType = wrapper.framework; name = Hue.framework; path = Carthage/Build/Mac/Hue.framework; sourceTree = "<group>"; };
		79C5DB781E0572950028B07A /* Kingfisher.framework */ = {isa = PBXFileReference; lastKnownFileType = wrapper.framework; name = Kingfisher.framework; path = Carthage/Build/Mac/Kingfisher.framework; sourceTree = "<group>"; };
		79C5DB791E0572950028B07A /* Moya.framework */ = {isa = PBXFileReference; lastKnownFileType = wrapper.framework; name = Moya.framework; path = Carthage/Build/Mac/Moya.framework; sourceTree = "<group>"; };
		79C5DB7A1E0572950028B07A /* ReactiveMoya.framework */ = {isa = PBXFileReference; lastKnownFileType = wrapper.framework; name = ReactiveMoya.framework; path = Carthage/Build/Mac/ReactiveMoya.framework; sourceTree = "<group>"; };
		79C5DB7B1E0572950028B07A /* ReactiveSwift.framework */ = {isa = PBXFileReference; lastKnownFileType = wrapper.framework; name = ReactiveSwift.framework; path = Carthage/Build/Mac/ReactiveSwift.framework; sourceTree = "<group>"; };
		79C5DB7C1E0572950028B07A /* Result.framework */ = {isa = PBXFileReference; lastKnownFileType = wrapper.framework; name = Result.framework; path = Carthage/Build/Mac/Result.framework; sourceTree = "<group>"; };
		79C5DB7D1E0572950028B07A /* Runes.framework */ = {isa = PBXFileReference; lastKnownFileType = wrapper.framework; name = Runes.framework; path = Carthage/Build/Mac/Runes.framework; sourceTree = "<group>"; };
		79C5DB7E1E0572950028B07A /* RxCocoa.framework */ = {isa = PBXFileReference; lastKnownFileType = wrapper.framework; name = RxCocoa.framework; path = Carthage/Build/Mac/RxCocoa.framework; sourceTree = "<group>"; };
		79C5DB7F1E0572950028B07A /* RxMoya.framework */ = {isa = PBXFileReference; lastKnownFileType = wrapper.framework; name = RxMoya.framework; path = Carthage/Build/Mac/RxMoya.framework; sourceTree = "<group>"; };
		79C5DB801E0572950028B07A /* RxSwift.framework */ = {isa = PBXFileReference; lastKnownFileType = wrapper.framework; name = RxSwift.framework; path = Carthage/Build/Mac/RxSwift.framework; sourceTree = "<group>"; };
		79C5DB811E0572950028B07A /* Swiftz.framework */ = {isa = PBXFileReference; lastKnownFileType = wrapper.framework; name = Swiftz.framework; path = Carthage/Build/Mac/Swiftz.framework; sourceTree = "<group>"; };
/* End PBXFileReference section */

/* Begin PBXFrameworksBuildPhase section */
		79C5DB4F1E054A3C0028B07A /* Frameworks */ = {
			isa = PBXFrameworksBuildPhase;
			buildActionMask = 2147483647;
			files = (
				79C5DB821E0572950028B07A /* Alamofire.framework in Frameworks */,
				79C5DB831E0572950028B07A /* Argo.framework in Frameworks */,
				79C5DB841E0572950028B07A /* Cartography.framework in Frameworks */,
				79C5DB851E0572950028B07A /* Curry.framework in Frameworks */,
				79C5DB861E0572950028B07A /* Hue.framework in Frameworks */,
				79C5DB871E0572950028B07A /* Kingfisher.framework in Frameworks */,
				79C5DB881E0572950028B07A /* Moya.framework in Frameworks */,
				79C5DB891E0572950028B07A /* ReactiveMoya.framework in Frameworks */,
				79C5DB8A1E0572950028B07A /* ReactiveSwift.framework in Frameworks */,
				79C5DB8B1E0572950028B07A /* Result.framework in Frameworks */,
				79C5DB8C1E0572950028B07A /* Runes.framework in Frameworks */,
				79C5DB8D1E0572950028B07A /* RxCocoa.framework in Frameworks */,
				79C5DB8E1E0572950028B07A /* RxMoya.framework in Frameworks */,
				79C5DB8F1E0572950028B07A /* RxSwift.framework in Frameworks */,
				79C5DB901E0572950028B07A /* Swiftz.framework in Frameworks */,
			);
			runOnlyForDeploymentPostprocessing = 0;
		};
		79C5DB601E054A3D0028B07A /* Frameworks */ = {
			isa = PBXFrameworksBuildPhase;
			buildActionMask = 2147483647;
			files = (
			);
			runOnlyForDeploymentPostprocessing = 0;
		};
/* End PBXFrameworksBuildPhase section */

/* Begin PBXGroup section */
		79C5DB491E054A3C0028B07A = {
			isa = PBXGroup;
			children = (
				79C5DB541E054A3D0028B07A /* Soundy */,
				79C5DB661E054A3D0028B07A /* SoundyTests */,
				79C5DB531E054A3D0028B07A /* Products */,
				79C5DB721E0572940028B07A /* Frameworks */,
			);
			sourceTree = "<group>";
		};
		79C5DB531E054A3D0028B07A /* Products */ = {
			isa = PBXGroup;
			children = (
				79C5DB521E054A3D0028B07A /* Soundy.app */,
				79C5DB631E054A3D0028B07A /* SoundyTests.xctest */,
			);
			name = Products;
			sourceTree = "<group>";
		};
		79C5DB541E054A3D0028B07A /* Soundy */ = {
			isa = PBXGroup;
			children = (
				79C5DB551E054A3D0028B07A /* AppDelegate.swift */,
				79C5DB571E054A3D0028B07A /* ViewController.swift */,
				79C5DB591E054A3D0028B07A /* Assets.xcassets */,
				79C5DB5B1E054A3D0028B07A /* Main.storyboard */,
				79C5DB5E1E054A3D0028B07A /* Info.plist */,
			);
			path = Soundy;
			sourceTree = "<group>";
		};
		79C5DB661E054A3D0028B07A /* SoundyTests */ = {
			isa = PBXGroup;
			children = (
				79C5DB671E054A3D0028B07A /* SoundyTests.swift */,
				79C5DB691E054A3D0028B07A /* Info.plist */,
			);
			path = SoundyTests;
			sourceTree = "<group>";
		};
		79C5DB721E0572940028B07A /* Frameworks */ = {
			isa = PBXGroup;
			children = (
				79C5DB731E0572950028B07A /* Alamofire.framework */,
				79C5DB741E0572950028B07A /* Argo.framework */,
				79C5DB751E0572950028B07A /* Cartography.framework */,
				79C5DB761E0572950028B07A /* Curry.framework */,
				79C5DB771E0572950028B07A /* Hue.framework */,
				79C5DB781E0572950028B07A /* Kingfisher.framework */,
				79C5DB791E0572950028B07A /* Moya.framework */,
				79C5DB7A1E0572950028B07A /* ReactiveMoya.framework */,
				79C5DB7B1E0572950028B07A /* ReactiveSwift.framework */,
				79C5DB7C1E0572950028B07A /* Result.framework */,
				79C5DB7D1E0572950028B07A /* Runes.framework */,
				79C5DB7E1E0572950028B07A /* RxCocoa.framework */,
				79C5DB7F1E0572950028B07A /* RxMoya.framework */,
				79C5DB801E0572950028B07A /* RxSwift.framework */,
				79C5DB811E0572950028B07A /* Swiftz.framework */,
			);
			name = Frameworks;
			sourceTree = "<group>";
		};
/* End PBXGroup section */

/* Begin PBXNativeTarget section */
		79C5DB511E054A3C0028B07A /* Soundy */ = {
			isa = PBXNativeTarget;
			buildConfigurationList = 79C5DB6C1E054A3D0028B07A /* Build configuration list for PBXNativeTarget "Soundy" */;
			buildPhases = (
				79C5DB4E1E054A3C0028B07A /* Sources */,
				79C5DB4F1E054A3C0028B07A /* Frameworks */,
				79C5DB501E054A3C0028B07A /* Resources */,
				79C5DB911E0572B90028B07A /* [Run Script - Carthage] Copy Framework */,
				79C5DB921E05739C0028B07A /* [Run Script - Swiftlint] Lint */,
			);
			buildRules = (
			);
			dependencies = (
			);
			name = Soundy;
			productName = Soundy;
			productReference = 79C5DB521E054A3D0028B07A /* Soundy.app */;
			productType = "com.apple.product-type.application";
		};
		79C5DB621E054A3D0028B07A /* SoundyTests */ = {
			isa = PBXNativeTarget;
			buildConfigurationList = 79C5DB6F1E054A3D0028B07A /* Build configuration list for PBXNativeTarget "SoundyTests" */;
			buildPhases = (
				79C5DB5F1E054A3D0028B07A /* Sources */,
				79C5DB601E054A3D0028B07A /* Frameworks */,
				79C5DB611E054A3D0028B07A /* Resources */,
			);
			buildRules = (
			);
			dependencies = (
				79C5DB651E054A3D0028B07A /* PBXTargetDependency */,
			);
			name = SoundyTests;
			productName = SoundyTests;
			productReference = 79C5DB631E054A3D0028B07A /* SoundyTests.xctest */;
			productType = "com.apple.product-type.bundle.unit-test";
		};
/* End PBXNativeTarget section */

/* Begin PBXProject section */
		79C5DB4A1E054A3C0028B07A /* Project object */ = {
			isa = PBXProject;
			attributes = {
				LastSwiftUpdateCheck = 0810;
				LastUpgradeCheck = 0810;
				ORGANIZATIONNAME = "Sendy Halim";
				TargetAttributes = {
					79C5DB511E054A3C0028B07A = {
						CreatedOnToolsVersion = 8.1;
						DevelopmentTeam = 4QCP9AS6BP;
						ProvisioningStyle = Automatic;
					};
					79C5DB621E054A3D0028B07A = {
						CreatedOnToolsVersion = 8.1;
						DevelopmentTeam = 4QCP9AS6BP;
						ProvisioningStyle = Automatic;
						TestTargetID = 79C5DB511E054A3C0028B07A;
					};
				};
			};
			buildConfigurationList = 79C5DB4D1E054A3C0028B07A /* Build configuration list for PBXProject "Soundy" */;
			compatibilityVersion = "Xcode 3.2";
			developmentRegion = English;
			hasScannedForEncodings = 0;
			knownRegions = (
				en,
				Base,
			);
			mainGroup = 79C5DB491E054A3C0028B07A;
			productRefGroup = 79C5DB531E054A3D0028B07A /* Products */;
			projectDirPath = "";
			projectRoot = "";
			targets = (
				79C5DB511E054A3C0028B07A /* Soundy */,
				79C5DB621E054A3D0028B07A /* SoundyTests */,
			);
		};
/* End PBXProject section */

/* Begin PBXResourcesBuildPhase section */
		79C5DB501E054A3C0028B07A /* Resources */ = {
			isa = PBXResourcesBuildPhase;
			buildActionMask = 2147483647;
			files = (
				79C5DB5A1E054A3D0028B07A /* Assets.xcassets in Resources */,
				79C5DB5D1E054A3D0028B07A /* Main.storyboard in Resources */,
			);
			runOnlyForDeploymentPostprocessing = 0;
		};
		79C5DB611E054A3D0028B07A /* Resources */ = {
			isa = PBXResourcesBuildPhase;
			buildActionMask = 2147483647;
			files = (
			);
			runOnlyForDeploymentPostprocessing = 0;
		};
/* End PBXResourcesBuildPhase section */

/* Begin PBXShellScriptBuildPhase section */
		79C5DB911E0572B90028B07A /* [Run Script - Carthage] Copy Framework */ = {
			isa = PBXShellScriptBuildPhase;
			buildActionMask = 2147483647;
			files = (
			);
			inputPaths = (
				"$(SRCROOT)/Carthage/Build/Mac/Alamofire.framework",
				"$(SRCROOT)/Carthage/Build/Mac/Argo.framework",
				"$(SRCROOT)/Carthage/Build/Mac/Cartography.framework",
				"$(SRCROOT)/Carthage/Build/Mac/Curry.framework",
				"$(SRCROOT)/Carthage/Build/Mac/Hue.framework",
				"$(SRCROOT)/Carthage/Build/Mac/Kingfisher.framework",
				"$(SRCROOT)/Carthage/Build/Mac/Moya.framework",
				"$(SRCROOT)/Carthage/Build/Mac/ReactiveMoya.framework",
				"$(SRCROOT)/Carthage/Build/Mac/ReactiveSwift.framework",
				"$(SRCROOT)/Carthage/Build/Mac/Result.framework",
				"$(SRCROOT)/Carthage/Build/Mac/Runes.framework",
				"$(SRCROOT)/Carthage/Build/Mac/RxCocoa.framework",
				"$(SRCROOT)/Carthage/Build/Mac/RxMoya.framework",
				"$(SRCROOT)/Carthage/Build/Mac/RxSwift.framework",
				"$(SRCROOT)/Carthage/Build/Mac/Swiftz.framework",
			);
			name = "[Run Script - Carthage] Copy Framework";
			outputPaths = (
			);
			runOnlyForDeploymentPostprocessing = 0;
			shellPath = /bin/sh;
			shellScript = "carthage copy-frameworks";
		};
		79C5DB921E05739C0028B07A /* [Run Script - Swiftlint] Lint */ = {
			isa = PBXShellScriptBuildPhase;
			buildActionMask = 2147483647;
			files = (
			);
			inputPaths = (
			);
			name = "[Run Script - Swiftlint] Lint";
			outputPaths = (
			);
			runOnlyForDeploymentPostprocessing = 0;
			shellPath = /bin/sh;
			shellScript = "if which swiftlint >/dev/null; then\n  swiftlint\nelse\n  echo \"warning: SwiftLint not installed, download from https://github.com/realm/SwiftLint\"\nfi";
		};
/* End PBXShellScriptBuildPhase section */

/* Begin PBXSourcesBuildPhase section */
		79C5DB4E1E054A3C0028B07A /* Sources */ = {
			isa = PBXSourcesBuildPhase;
			buildActionMask = 2147483647;
			files = (
				79C5DB581E054A3D0028B07A /* ViewController.swift in Sources */,
				79C5DB561E054A3D0028B07A /* AppDelegate.swift in Sources */,
			);
			runOnlyForDeploymentPostprocessing = 0;
		};
		79C5DB5F1E054A3D0028B07A /* Sources */ = {
			isa = PBXSourcesBuildPhase;
			buildActionMask = 2147483647;
			files = (
				79C5DB681E054A3D0028B07A /* SoundyTests.swift in Sources */,
			);
			runOnlyForDeploymentPostprocessing = 0;
		};
/* End PBXSourcesBuildPhase section */

/* Begin PBXTargetDependency section */
		79C5DB651E054A3D0028B07A /* PBXTargetDependency */ = {
			isa = PBXTargetDependency;
			target = 79C5DB511E054A3C0028B07A /* Soundy */;
			targetProxy = 79C5DB641E054A3D0028B07A /* PBXContainerItemProxy */;
		};
/* End PBXTargetDependency section */

/* Begin PBXVariantGroup section */
		79C5DB5B1E054A3D0028B07A /* Main.storyboard */ = {
			isa = PBXVariantGroup;
			children = (
				79C5DB5C1E054A3D0028B07A /* Base */,
			);
			name = Main.storyboard;
			sourceTree = "<group>";
		};
/* End PBXVariantGroup section */

/* Begin XCBuildConfiguration section */
		79C5DB6A1E054A3D0028B07A /* Debug */ = {
			isa = XCBuildConfiguration;
			buildSettings = {
				ALWAYS_SEARCH_USER_PATHS = NO;
				CLANG_ANALYZER_NONNULL = YES;
				CLANG_CXX_LANGUAGE_STANDARD = "gnu++0x";
				CLANG_CXX_LIBRARY = "libc++";
				CLANG_ENABLE_MODULES = YES;
				CLANG_ENABLE_OBJC_ARC = YES;
				CLANG_WARN_BOOL_CONVERSION = YES;
				CLANG_WARN_CONSTANT_CONVERSION = YES;
				CLANG_WARN_DIRECT_OBJC_ISA_USAGE = YES_ERROR;
				CLANG_WARN_DOCUMENTATION_COMMENTS = YES;
				CLANG_WARN_EMPTY_BODY = YES;
				CLANG_WARN_ENUM_CONVERSION = YES;
				CLANG_WARN_INFINITE_RECURSION = YES;
				CLANG_WARN_INT_CONVERSION = YES;
				CLANG_WARN_OBJC_ROOT_CLASS = YES_ERROR;
				CLANG_WARN_SUSPICIOUS_MOVES = YES;
				CLANG_WARN_UNREACHABLE_CODE = YES;
				CLANG_WARN__DUPLICATE_METHOD_MATCH = YES;
				CODE_SIGN_IDENTITY = "-";
				COPY_PHASE_STRIP = NO;
				DEBUG_INFORMATION_FORMAT = dwarf;
				ENABLE_STRICT_OBJC_MSGSEND = YES;
				ENABLE_TESTABILITY = YES;
				GCC_C_LANGUAGE_STANDARD = gnu99;
				GCC_DYNAMIC_NO_PIC = NO;
				GCC_NO_COMMON_BLOCKS = YES;
				GCC_OPTIMIZATION_LEVEL = 0;
				GCC_PREPROCESSOR_DEFINITIONS = (
					"DEBUG=1",
					"$(inherited)",
				);
				GCC_WARN_64_TO_32_BIT_CONVERSION = YES;
				GCC_WARN_ABOUT_RETURN_TYPE = YES_ERROR;
				GCC_WARN_UNDECLARED_SELECTOR = YES;
				GCC_WARN_UNINITIALIZED_AUTOS = YES_AGGRESSIVE;
				GCC_WARN_UNUSED_FUNCTION = YES;
				GCC_WARN_UNUSED_VARIABLE = YES;
				MACOSX_DEPLOYMENT_TARGET = 10.12;
				MTL_ENABLE_DEBUG_INFO = YES;
				ONLY_ACTIVE_ARCH = YES;
				SDKROOT = macosx;
				SWIFT_ACTIVE_COMPILATION_CONDITIONS = DEBUG;
				SWIFT_OPTIMIZATION_LEVEL = "-Onone";
			};
			name = Debug;
		};
		79C5DB6B1E054A3D0028B07A /* Release */ = {
			isa = XCBuildConfiguration;
			buildSettings = {
				ALWAYS_SEARCH_USER_PATHS = NO;
				CLANG_ANALYZER_NONNULL = YES;
				CLANG_CXX_LANGUAGE_STANDARD = "gnu++0x";
				CLANG_CXX_LIBRARY = "libc++";
				CLANG_ENABLE_MODULES = YES;
				CLANG_ENABLE_OBJC_ARC = YES;
				CLANG_WARN_BOOL_CONVERSION = YES;
				CLANG_WARN_CONSTANT_CONVERSION = YES;
				CLANG_WARN_DIRECT_OBJC_ISA_USAGE = YES_ERROR;
				CLANG_WARN_DOCUMENTATION_COMMENTS = YES;
				CLANG_WARN_EMPTY_BODY = YES;
				CLANG_WARN_ENUM_CONVERSION = YES;
				CLANG_WARN_INFINITE_RECURSION = YES;
				CLANG_WARN_INT_CONVERSION = YES;
				CLANG_WARN_OBJC_ROOT_CLASS = YES_ERROR;
				CLANG_WARN_SUSPICIOUS_MOVES = YES;
				CLANG_WARN_UNREACHABLE_CODE = YES;
				CLANG_WARN__DUPLICATE_METHOD_MATCH = YES;
				CODE_SIGN_IDENTITY = "-";
				COPY_PHASE_STRIP = NO;
				DEBUG_INFORMATION_FORMAT = "dwarf-with-dsym";
				ENABLE_NS_ASSERTIONS = NO;
				ENABLE_STRICT_OBJC_MSGSEND = YES;
				GCC_C_LANGUAGE_STANDARD = gnu99;
				GCC_NO_COMMON_BLOCKS = YES;
				GCC_WARN_64_TO_32_BIT_CONVERSION = YES;
				GCC_WARN_ABOUT_RETURN_TYPE = YES_ERROR;
				GCC_WARN_UNDECLARED_SELECTOR = YES;
				GCC_WARN_UNINITIALIZED_AUTOS = YES_AGGRESSIVE;
				GCC_WARN_UNUSED_FUNCTION = YES;
				GCC_WARN_UNUSED_VARIABLE = YES;
				MACOSX_DEPLOYMENT_TARGET = 10.12;
				MTL_ENABLE_DEBUG_INFO = NO;
				SDKROOT = macosx;
				SWIFT_OPTIMIZATION_LEVEL = "-Owholemodule";
			};
			name = Release;
		};
		79C5DB6D1E054A3D0028B07A /* Debug */ = {
			isa = XCBuildConfiguration;
			buildSettings = {
				ASSETCATALOG_COMPILER_APPICON_NAME = AppIcon;
				COMBINE_HIDPI_IMAGES = YES;
				DEVELOPMENT_TEAM = 4QCP9AS6BP;
				FRAMEWORK_SEARCH_PATHS = (
					"$(inherited)",
					"$(PROJECT_DIR)/Carthage/Build/Mac",
				);
				INFOPLIST_FILE = Soundy/Info.plist;
				LD_RUNPATH_SEARCH_PATHS = "$(inherited) @executable_path/../Frameworks";
				PRODUCT_BUNDLE_IDENTIFIER = com.sendyhalim.Soundy;
				PRODUCT_NAME = "$(TARGET_NAME)";
				SWIFT_VERSION = 3.0;
			};
			name = Debug;
		};
		79C5DB6E1E054A3D0028B07A /* Release */ = {
			isa = XCBuildConfiguration;
			buildSettings = {
				ASSETCATALOG_COMPILER_APPICON_NAME = AppIcon;
				COMBINE_HIDPI_IMAGES = YES;
				DEVELOPMENT_TEAM = 4QCP9AS6BP;
				FRAMEWORK_SEARCH_PATHS = (
					"$(inherited)",
					"$(PROJECT_DIR)/Carthage/Build/Mac",
				);
				INFOPLIST_FILE = Soundy/Info.plist;
				LD_RUNPATH_SEARCH_PATHS = "$(inherited) @executable_path/../Frameworks";
				PRODUCT_BUNDLE_IDENTIFIER = com.sendyhalim.Soundy;
				PRODUCT_NAME = "$(TARGET_NAME)";
				SWIFT_VERSION = 3.0;
			};
			name = Release;
		};
		79C5DB701E054A3D0028B07A /* Debug */ = {
			isa = XCBuildConfiguration;
			buildSettings = {
				ALWAYS_EMBED_SWIFT_STANDARD_LIBRARIES = YES;
				BUNDLE_LOADER = "$(TEST_HOST)";
				COMBINE_HIDPI_IMAGES = YES;
				DEVELOPMENT_TEAM = 4QCP9AS6BP;
				INFOPLIST_FILE = SoundyTests/Info.plist;
				LD_RUNPATH_SEARCH_PATHS = "$(inherited) @executable_path/../Frameworks @loader_path/../Frameworks";
				PRODUCT_BUNDLE_IDENTIFIER = com.sendyhalim.SoundyTests;
				PRODUCT_NAME = "$(TARGET_NAME)";
				SWIFT_VERSION = 3.0;
				TEST_HOST = "$(BUILT_PRODUCTS_DIR)/Soundy.app/Contents/MacOS/Soundy";
			};
			name = Debug;
		};
		79C5DB711E054A3D0028B07A /* Release */ = {
			isa = XCBuildConfiguration;
			buildSettings = {
				ALWAYS_EMBED_SWIFT_STANDARD_LIBRARIES = YES;
				BUNDLE_LOADER = "$(TEST_HOST)";
				COMBINE_HIDPI_IMAGES = YES;
				DEVELOPMENT_TEAM = 4QCP9AS6BP;
				INFOPLIST_FILE = SoundyTests/Info.plist;
				LD_RUNPATH_SEARCH_PATHS = "$(inherited) @executable_path/../Frameworks @loader_path/../Frameworks";
				PRODUCT_BUNDLE_IDENTIFIER = com.sendyhalim.SoundyTests;
				PRODUCT_NAME = "$(TARGET_NAME)";
				SWIFT_VERSION = 3.0;
				TEST_HOST = "$(BUILT_PRODUCTS_DIR)/Soundy.app/Contents/MacOS/Soundy";
			};
			name = Release;
		};
/* End XCBuildConfiguration section */

/* Begin XCConfigurationList section */
		79C5DB4D1E054A3C0028B07A /* Build configuration list for PBXProject "Soundy" */ = {
			isa = XCConfigurationList;
			buildConfigurations = (
				79C5DB6A1E054A3D0028B07A /* Debug */,
				79C5DB6B1E054A3D0028B07A /* Release */,
			);
			defaultConfigurationIsVisible = 0;
			defaultConfigurationName = Release;
		};
		79C5DB6C1E054A3D0028B07A /* Build configuration list for PBXNativeTarget "Soundy" */ = {
			isa = XCConfigurationList;
			buildConfigurations = (
				79C5DB6D1E054A3D0028B07A /* Debug */,
				79C5DB6E1E054A3D0028B07A /* Release */,
			);
			defaultConfigurationIsVisible = 0;
		};
		79C5DB6F1E054A3D0028B07A /* Build configuration list for PBXNativeTarget "SoundyTests" */ = {
			isa = XCConfigurationList;
			buildConfigurations = (
				79C5DB701E054A3D0028B07A /* Debug */,
				79C5DB711E054A3D0028B07A /* Release */,
			);
			defaultConfigurationIsVisible = 0;
		};
/* End XCConfigurationList section */
	};
	rootObject = 79C5DB4A1E054A3C0028B07A /* Project object */;
}
